
Microsoft Visual Studio Solution File, Format Version 12.00
# Visual Studio Version 17
VisualStudioVersion = 17.3.32929.385
MinimumVisualStudioVersion = 10.0.40219.1
Project("{9A19103F-16F7-4668-BE54-9A1E7A4F7556}") = "abakes", "abakes\abakes.csproj", "{2617C3D7-3830-40DE-B72B-BA6B26EB7834}"
EndProject
Global
	GlobalSection(SolutionConfigurationPlatforms) = preSolution
		Debug|Any CPU = Debug|Any CPU
		Release|Any CPU = Release|Any CPU
	EndGlobalSection
	GlobalSection(ProjectConfigurationPlatforms) = postSolution
		{2617C3D7-3830-40DE-B72B-BA6B26EB7834}.Debug|Any CPU.ActiveCfg = Debug|Any CPU
		{2617C3D7-3830-40DE-B72B-BA6B26EB7834}.Debug|Any CPU.Build.0 = Debug|Any CPU
		{2617C3D7-3830-40DE-B72B-BA6B26EB7834}.Release|Any CPU.ActiveCfg = Release|Any CPU
		{2617C3D7-3830-40DE-B72B-BA6B26EB7834}.Release|Any CPU.Build.0 = Release|Any CPU
	EndGlobalSection
	GlobalSection(SolutionProperties) = preSolution
		HideSolutionNode = FALSE
	EndGlobalSection
	GlobalSection(ExtensibilityGlobals) = postSolution
		SolutionGuid = {A8997653-118E-43B7-88EE-789F37121073}
	EndGlobalSection
EndGlobal
